
Microsoft Visual Studio Solution File, Format Version 12.00
# Visual Studio 15
VisualStudioVersion = 15.0.27004.2005
MinimumVisualStudioVersion = 10.0.40219.1
Project("{FAE04EC0-301F-11D3-BF4B-00C04F79EFBC}") = "ConsoleApp1", "ConsoleApp1\ConsoleApp1.csproj", "{1A4BFC15-B26C-430E-B707-64456F688B01}"
EndProject
Global
	GlobalSection(SolutionConfigurationPlatforms) = preSolution
		Debug|Any CPU = Debug|Any CPU
		Release|Any CPU = Release|Any CPU
	EndGlobalSection
	GlobalSection(ProjectConfigurationPlatforms) = postSolution
		{1A4BFC15-B26C-430E-B707-64456F688B01}.Debug|Any CPU.ActiveCfg = Debug|Any CPU
		{1A4BFC15-B26C-430E-B707-64456F688B01}.Debug|Any CPU.Build.0 = Debug|Any CPU
		{1A4BFC15-B26C-430E-B707-64456F688B01}.Release|Any CPU.ActiveCfg = Release|Any CPU
		{1A4BFC15-B26C-430E-B707-64456F688B01}.Release|Any CPU.Build.0 = Release|Any CPU
	EndGlobalSection
	GlobalSection(SolutionProperties) = preSolution
		HideSolutionNode = FALSE
	EndGlobalSection
	GlobalSection(ExtensibilityGlobals) = postSolution
		SolutionGuid = {66FEE7F4-588B-4FCC-AEC8-1C982A2F49B8}
	EndGlobalSection
EndGlobal
